// !$*UTF8*$!
{
	archiveVersion = 1;
	classes = {
	};
	objectVersion = 46;
	objects = {

/* Begin PBXBuildFile section */
		B7E6040F1C5CEF44006DA33E /* AppDelegate.swift in Sources */ = {isa = PBXBuildFile; fileRef = B7E6040E1C5CEF44006DA33E /* AppDelegate.swift */; };
		B7E604141C5CEF44006DA33E /* Main.storyboard in Resources */ = {isa = PBXBuildFile; fileRef = B7E604121C5CEF44006DA33E /* Main.storyboard */; };
		B7E604161C5CEF44006DA33E /* Images.xcassets in Resources */ = {isa = PBXBuildFile; fileRef = B7E604151C5CEF44006DA33E /* Images.xcassets */; };
		B7E604191C5CEF44006DA33E /* LaunchScreen.xib in Resources */ = {isa = PBXBuildFile; fileRef = B7E604171C5CEF44006DA33E /* LaunchScreen.xib */; };
		B7E604251C5CEF44006DA33E /* NewsFeedTests.swift in Sources */ = {isa = PBXBuildFile; fileRef = B7E604241C5CEF44006DA33E /* NewsFeedTests.swift */; };
		B7E6042F1C5CEFE4006DA33E /* TableViewController.swift in Sources */ = {isa = PBXBuildFile; fileRef = B7E6042E1C5CEFE4006DA33E /* TableViewController.swift */; };
		B7E604311C5CF0A6006DA33E /* Article.swift in Sources */ = {isa = PBXBuildFile; fileRef = B7E604301C5CF0A6006DA33E /* Article.swift */; };
		B7E604331C5CF0E3006DA33E /* Parser.swift in Sources */ = {isa = PBXBuildFile; fileRef = B7E604321C5CF0E3006DA33E /* Parser.swift */; };
		B7E604351C5CF143006DA33E /* WebViewController.swift in Sources */ = {isa = PBXBuildFile; fileRef = B7E604341C5CF143006DA33E /* WebViewController.swift */; };
/* End PBXBuildFile section */

/* Begin PBXContainerItemProxy section */
		B7E6041F1C5CEF44006DA33E /* PBXContainerItemProxy */ = {
			isa = PBXContainerItemProxy;
			containerPortal = B7E604011C5CEF44006DA33E /* Project object */;
			proxyType = 1;
			remoteGlobalIDString = B7E604081C5CEF44006DA33E;
			remoteInfo = NewsFeed;
		};
/* End PBXContainerItemProxy section */

/* Begin PBXFileReference section */
		B7E604091C5CEF44006DA33E /* NewsFeed.app */ = {isa = PBXFileReference; explicitFileType = wrapper.application; includeInIndex = 0; path = NewsFeed.app; sourceTree = BUILT_PRODUCTS_DIR; };
		B7E6040D1C5CEF44006DA33E /* Info.plist */ = {isa = PBXFileReference; lastKnownFileType = text.plist.xml; path = Info.plist; sourceTree = "<group>"; };
		B7E6040E1C5CEF44006DA33E /* AppDelegate.swift */ = {isa = PBXFileReference; lastKnownFileType = sourcecode.swift; path = AppDelegate.swift; sourceTree = "<group>"; };
		B7E604131C5CEF44006DA33E /* Base */ = {isa = PBXFileReference; lastKnownFileType = file.storyboard; name = Base; path = Base.lproj/Main.storyboard; sourceTree = "<group>"; };
		B7E604151C5CEF44006DA33E /* Images.xcassets */ = {isa = PBXFileReference; lastKnownFileType = folder.assetcatalog; path = Images.xcassets; sourceTree = "<group>"; };
		B7E604181C5CEF44006DA33E /* Base */ = {isa = PBXFileReference; lastKnownFileType = file.xib; name = Base; path = Base.lproj/LaunchScreen.xib; sourceTree = "<group>"; };
		B7E6041E1C5CEF44006DA33E /* NewsFeedTests.xctest */ = {isa = PBXFileReference; explicitFileType = wrapper.cfbundle; includeInIndex = 0; path = NewsFeedTests.xctest; sourceTree = BUILT_PRODUCTS_DIR; };
		B7E604231C5CEF44006DA33E /* Info.plist */ = {isa = PBXFileReference; lastKnownFileType = text.plist.xml; path = Info.plist; sourceTree = "<group>"; };
		B7E604241C5CEF44006DA33E /* NewsFeedTests.swift */ = {isa = PBXFileReference; lastKnownFileType = sourcecode.swift; path = NewsFeedTests.swift; sourceTree = "<group>"; };
		B7E6042E1C5CEFE4006DA33E /* TableViewController.swift */ = {isa = PBXFileReference; fileEncoding = 4; lastKnownFileType = sourcecode.swift; name = TableViewController.swift; path = ../TableViewController.swift; sourceTree = "<group>"; };
		B7E604301C5CF0A6006DA33E /* Article.swift */ = {isa = PBXFileReference; fileEncoding = 4; lastKnownFileType = sourcecode.swift; name = Article.swift; path = NewsFeed/Article.swift; sourceTree = "<group>"; };
		B7E604321C5CF0E3006DA33E /* Parser.swift */ = {isa = PBXFileReference; fileEncoding = 4; lastKnownFileType = sourcecode.swift; path = Parser.swift; sourceTree = "<group>"; };
		B7E604341C5CF143006DA33E /* WebViewController.swift */ = {isa = PBXFileReference; fileEncoding = 4; lastKnownFileType = sourcecode.swift; path = WebViewController.swift; sourceTree = "<group>"; };
/* End PBXFileReference section */

/* Begin PBXFrameworksBuildPhase section */
		B7E604061C5CEF44006DA33E /* Frameworks */ = {
			isa = PBXFrameworksBuildPhase;
			buildActionMask = 2147483647;
			files = (
			);
			runOnlyForDeploymentPostprocessing = 0;
		};
		B7E6041B1C5CEF44006DA33E /* Frameworks */ = {
			isa = PBXFrameworksBuildPhase;
			buildActionMask = 2147483647;
			files = (
			);
			runOnlyForDeploymentPostprocessing = 0;
		};
/* End PBXFrameworksBuildPhase section */

/* Begin PBXGroup section */
		B7E604001C5CEF44006DA33E = {
			isa = PBXGroup;
			children = (
				B7E604301C5CF0A6006DA33E /* Article.swift */,
				B7E604321C5CF0E3006DA33E /* Parser.swift */,
				B7E6040B1C5CEF44006DA33E /* NewsFeed */,
				B7E604211C5CEF44006DA33E /* NewsFeedTests */,
				B7E6040A1C5CEF44006DA33E /* Products */,
			);
			sourceTree = "<group>";
		};
		B7E6040A1C5CEF44006DA33E /* Products */ = {
			isa = PBXGroup;
			children = (
				B7E604091C5CEF44006DA33E /* NewsFeed.app */,
				B7E6041E1C5CEF44006DA33E /* NewsFeedTests.xctest */,
			);
			name = Products;
			sourceTree = "<group>";
		};
		B7E6040B1C5CEF44006DA33E /* NewsFeed */ = {
			isa = PBXGroup;
			children = (
				B7E6042E1C5CEFE4006DA33E /* TableViewController.swift */,
				B7E604341C5CF143006DA33E /* WebViewController.swift */,
				B7E604151C5CEF44006DA33E /* Images.xcassets */,
				B7E604121C5CEF44006DA33E /* Main.storyboard */,
				B7E604171C5CEF44006DA33E /* LaunchScreen.xib */,
				B7E6040E1C5CEF44006DA33E /* AppDelegate.swift */,
				B7E6040C1C5CEF44006DA33E /* Supporting Files */,
			);
			path = NewsFeed;
			sourceTree = "<group>";
		};
		B7E6040C1C5CEF44006DA33E /* Supporting Files */ = {
			isa = PBXGroup;
			children = (
				B7E6040D1C5CEF44006DA33E /* Info.plist */,
			);
			name = "Supporting Files";
			sourceTree = "<group>";
		};
		B7E604211C5CEF44006DA33E /* NewsFeedTests */ = {
			isa = PBXGroup;
			children = (
				B7E604241C5CEF44006DA33E /* NewsFeedTests.swift */,
				B7E604221C5CEF44006DA33E /* Supporting Files */,
			);
			path = NewsFeedTests;
			sourceTree = "<group>";
		};
		B7E604221C5CEF44006DA33E /* Supporting Files */ = {
			isa = PBXGroup;
			children = (
				B7E604231C5CEF44006DA33E /* Info.plist */,
			);
			name = "Supporting Files";
			sourceTree = "<group>";
		};
/* End PBXGroup section */

/* Begin PBXNativeTarget section */
		B7E604081C5CEF44006DA33E /* NewsFeed */ = {
			isa = PBXNativeTarget;
			buildConfigurationList = B7E604281C5CEF44006DA33E /* Build configuration list for PBXNativeTarget "NewsFeed" */;
			buildPhases = (
				B7E604051C5CEF44006DA33E /* Sources */,
				B7E604061C5CEF44006DA33E /* Frameworks */,
				B7E604071C5CEF44006DA33E /* Resources */,
			);
			buildRules = (
			);
			dependencies = (
			);
			name = NewsFeed;
			productName = NewsFeed;
			productReference = B7E604091C5CEF44006DA33E /* NewsFeed.app */;
			productType = "com.apple.product-type.application";
		};
		B7E6041D1C5CEF44006DA33E /* NewsFeedTests */ = {
			isa = PBXNativeTarget;
			buildConfigurationList = B7E6042B1C5CEF44006DA33E /* Build configuration list for PBXNativeTarget "NewsFeedTests" */;
			buildPhases = (
				B7E6041A1C5CEF44006DA33E /* Sources */,
				B7E6041B1C5CEF44006DA33E /* Frameworks */,
				B7E6041C1C5CEF44006DA33E /* Resources */,
			);
			buildRules = (
			);
			dependencies = (
				B7E604201C5CEF44006DA33E /* PBXTargetDependency */,
			);
			name = NewsFeedTests;
			productName = NewsFeedTests;
			productReference = B7E6041E1C5CEF44006DA33E /* NewsFeedTests.xctest */;
			productType = "com.apple.product-type.bundle.unit-test";
		};
/* End PBXNativeTarget section */

/* Begin PBXProject section */
		B7E604011C5CEF44006DA33E /* Project object */ = {
			isa = PBXProject;
			attributes = {
				LastSwiftMigration = 0720;
				LastSwiftUpdateCheck = 0720;
				LastUpgradeCheck = 0640;
				ORGANIZATIONNAME = Patriya;
				TargetAttributes = {
					B7E604081C5CEF44006DA33E = {
						CreatedOnToolsVersion = 6.4;
					};
					B7E6041D1C5CEF44006DA33E = {
						CreatedOnToolsVersion = 6.4;
						TestTargetID = B7E604081C5CEF44006DA33E;
					};
				};
			};
			buildConfigurationList = B7E604041C5CEF44006DA33E /* Build configuration list for PBXProject "NewsFeed" */;
			compatibilityVersion = "Xcode 3.2";
			developmentRegion = English;
			hasScannedForEncodings = 0;
			knownRegions = (
				en,
				Base,
			);
			mainGroup = B7E604001C5CEF44006DA33E;
			productRefGroup = B7E6040A1C5CEF44006DA33E /* Products */;
			projectDirPath = "";
			projectRoot = "";
			targets = (
				B7E604081C5CEF44006DA33E /* NewsFeed */,
				B7E6041D1C5CEF44006DA33E /* NewsFeedTests */,
			);
		};
/* End PBXProject section */

/* Begin PBXResourcesBuildPhase section */
		B7E604071C5CEF44006DA33E /* Resources */ = {
			isa = PBXResourcesBuildPhase;
			buildActionMask = 2147483647;
			files = (
				B7E604141C5CEF44006DA33E /* Main.storyboard in Resources */,
				B7E604191C5CEF44006DA33E /* LaunchScreen.xib in Resources */,
				B7E604161C5CEF44006DA33E /* Images.xcassets in Resources */,
			);
			runOnlyForDeploymentPostprocessing = 0;
		};
		B7E6041C1C5CEF44006DA33E /* Resources */ = {
			isa = PBXResourcesBuildPhase;
			buildActionMask = 2147483647;
			files = (
			);
			runOnlyForDeploymentPostprocessing = 0;
		};
/* End PBXResourcesBuildPhase section */

/* Begin PBXSourcesBuildPhase section */
		B7E604051C5CEF44006DA33E /* Sources */ = {
			isa = PBXSourcesBuildPhase;
			buildActionMask = 2147483647;
			files = (
				B7E604331C5CF0E3006DA33E /* Parser.swift in Sources */,
				B7E6040F1C5CEF44006DA33E /* AppDelegate.swift in Sources */,
				B7E6042F1C5CEFE4006DA33E /* TableViewController.swift in Sources */,
				B7E604351C5CF143006DA33E /* WebViewController.swift in Sources */,
				B7E604311C5CF0A6006DA33E /* Article.swift in Sources */,
			);
			runOnlyForDeploymentPostprocessing = 0;
		};
		B7E6041A1C5CEF44006DA33E /* Sources */ = {
			isa = PBXSourcesBuildPhase;
			buildActionMask = 2147483647;
			files = (
				B7E604251C5CEF44006DA33E /* NewsFeedTests.swift in Sources */,
			);
			runOnlyForDeploymentPostprocessing = 0;
		};
/* End PBXSourcesBuildPhase section */

/* Begin PBXTargetDependency section */
		B7E604201C5CEF44006DA33E /* PBXTargetDependency */ = {
			isa = PBXTargetDependency;
			target = B7E604081C5CEF44006DA33E /* NewsFeed */;
			targetProxy = B7E6041F1C5CEF44006DA33E /* PBXContainerItemProxy */;
		};
/* End PBXTargetDependency section */

/* Begin PBXVariantGroup section */
		B7E604121C5CEF44006DA33E /* Main.storyboard */ = {
			isa = PBXVariantGroup;
			children = (
				B7E604131C5CEF44006DA33E /* Base */,
			);
			name = Main.storyboard;
			sourceTree = "<group>";
		};
		B7E604171C5CEF44006DA33E /* LaunchScreen.xib */ = {
			isa = PBXVariantGroup;
			children = (
				B7E604181C5CEF44006DA33E /* Base */,
			);
			name = LaunchScreen.xib;
			sourceTree = "<group>";
		};
/* End PBXVariantGroup section */

/* Begin XCBuildConfiguration section */
		B7E604261C5CEF44006DA33E /* Debug */ = {
			isa = XCBuildConfiguration;
			buildSettings = {
				ALWAYS_SEARCH_USER_PATHS = NO;
				CLANG_CXX_LANGUAGE_STANDARD = "gnu++0x";
				CLANG_CXX_LIBRARY = "libc++";
				CLANG_ENABLE_MODULES = YES;
				CLANG_ENABLE_OBJC_ARC = YES;
				CLANG_WARN_BOOL_CONVERSION = YES;
				CLANG_WARN_CONSTANT_CONVERSION = YES;
				CLANG_WARN_DIRECT_OBJC_ISA_USAGE = YES_ERROR;
				CLANG_WARN_EMPTY_BODY = YES;
				CLANG_WARN_ENUM_CONVERSION = YES;
				CLANG_WARN_INT_CONVERSION = YES;
				CLANG_WARN_OBJC_ROOT_CLASS = YES_ERROR;
				CLANG_WARN_UNREACHABLE_CODE = YES;
				CLANG_WARN__DUPLICATE_METHOD_MATCH = YES;
				"CODE_SIGN_IDENTITY[sdk=iphoneos*]" = "iPhone Developer";
				COPY_PHASE_STRIP = NO;
				DEBUG_INFORMATION_FORMAT = "dwarf-with-dsym";
				ENABLE_STRICT_OBJC_MSGSEND = YES;
				GCC_C_LANGUAGE_STANDARD = gnu99;
				GCC_DYNAMIC_NO_PIC = NO;
				GCC_NO_COMMON_BLOCKS = YES;
				GCC_OPTIMIZATION_LEVEL = 0;
				GCC_PREPROCESSOR_DEFINITIONS = (
					"DEBUG=1",
					"$(inherited)",
				);
				GCC_SYMBOLS_PRIVATE_EXTERN = NO;
				GCC_WARN_64_TO_32_BIT_CONVERSION = YES;
				GCC_WARN_ABOUT_RETURN_TYPE = YES_ERROR;
				GCC_WARN_UNDECLARED_SELECTOR = YES;
				GCC_WARN_UNINITIALIZED_AUTOS = YES_AGGRESSIVE;
				GCC_WARN_UNUSED_FUNCTION = YES;
				GCC_WARN_UNUSED_VARIABLE = YES;
				IPHONEOS_DEPLOYMENT_TARGET = 8.4;
				MTL_ENABLE_DEBUG_INFO = YES;
				ONLY_ACTIVE_ARCH = YES;
				SDKROOT = iphoneos;
				SWIFT_OPTIMIZATION_LEVEL = "-Onone";
			};
			name = Debug;
		};
		B7E604271C5CEF44006DA33E /* Release */ = {
			isa = XCBuildConfiguration;
			buildSettings = {
				ALWAYS_SEARCH_USER_PATHS = NO;
				CLANG_CXX_LANGUAGE_STANDARD = "gnu++0x";
				CLANG_CXX_LIBRARY = "libc++";
				CLANG_ENABLE_MODULES = YES;
				CLANG_ENABLE_OBJC_ARC = YES;
				CLANG_WARN_BOOL_CONVERSION = YES;
				CLANG_WARN_CONSTANT_CONVERSION = YES;
				CLANG_WARN_DIRECT_OBJC_ISA_USAGE = YES_ERROR;
				CLANG_WARN_EMPTY_BODY = YES;
				CLANG_WARN_ENUM_CONVERSION = YES;
				CLANG_WARN_INT_CONVERSION = YES;
				CLANG_WARN_OBJC_ROOT_CLASS = YES_ERROR;
				CLANG_WARN_UNREACHABLE_CODE = YES;
				CLANG_WARN__DUPLICATE_METHOD_MATCH = YES;
				"CODE_SIGN_IDENTITY[sdk=iphoneos*]" = "iPhone Developer";
				COPY_PHASE_STRIP = NO;
				DEBUG_INFORMATION_FORMAT = "dwarf-with-dsym";
				ENABLE_NS_ASSERTIONS = NO;
				ENABLE_STRICT_OBJC_MSGSEND = YES;
				GCC_C_LANGUAGE_STANDARD = gnu99;
				GCC_NO_COMMON_BLOCKS = YES;
				GCC_WARN_64_TO_32_BIT_CONVERSION = YES;
				GCC_WARN_ABOUT_RETURN_TYPE = YES_ERROR;
				GCC_WARN_UNDECLARED_SELECTOR = YES;
				GCC_WARN_UNINITIALIZED_AUTOS = YES_AGGRESSIVE;
				GCC_WARN_UNUSED_FUNCTION = YES;
				GCC_WARN_UNUSED_VARIABLE = YES;
				IPHONEOS_DEPLOYMENT_TARGET = 8.4;
				MTL_ENABLE_DEBUG_INFO = NO;
				SDKROOT = iphoneos;
				VALIDATE_PRODUCT = YES;
			};
			name = Release;
		};
		B7E604291C5CEF44006DA33E /* Debug */ = {
			isa = XCBuildConfiguration;
			buildSettings = {
				ASSETCATALOG_COMPILER_APPICON_NAME = AppIcon;
				CLANG_ENABLE_MODULES = YES;
				HEADER_SEARCH_PATHS = (
					"$(inherited)",
					/Applications/Xcode.app/Contents/Developer/Toolchains/XcodeDefault.xctoolchain/usr/include,
				);
				INFOPLIST_FILE = NewsFeed/Info.plist;
				LD_RUNPATH_SEARCH_PATHS = "$(inherited) @executable_path/Frameworks";
				PRODUCT_NAME = "$(TARGET_NAME)";
				SWIFT_OBJC_BRIDGING_HEADER = "NewsFeed/NewsFeed-Bridging-Header.h";
				SWIFT_OPTIMIZATION_LEVEL = "-Onone";
			};
			name = Debug;
		};
		B7E6042A1C5CEF44006DA33E /* Release */ = {
			isa = XCBuildConfiguration;
			buildSettings = {
				ASSETCATALOG_COMPILER_APPICON_NAME = AppIcon;
				CLANG_ENABLE_MODULES = YES;
				HEADER_SEARCH_PATHS = (
					"$(inherited)",
					/Applications/Xcode.app/Contents/Developer/Toolchains/XcodeDefault.xctoolchain/usr/include,
				);
				INFOPLIST_FILE = NewsFeed/Info.plist;
				LD_RUNPATH_SEARCH_PATHS = "$(inherited) @executable_path/Frameworks";
				PRODUCT_NAME = "$(TARGET_NAME)";
				SWIFT_OBJC_BRIDGING_HEADER = "NewsFeed/NewsFeed-Bridging-Header.h";
			};
			name = Release;
		};
		B7E6042C1C5CEF44006DA33E /* Debug */ = {
			isa = XCBuildConfiguration;
			buildSettings = {
				BUNDLE_LOADER = "$(TEST_HOST)";
				FRAMEWORK_SEARCH_PATHS = (
					"$(SDKROOT)/Developer/Library/Frameworks",
					"$(inherited)",
				);
				GCC_PREPROCESSOR_DEFINITIONS = (
					"DEBUG=1",
					"$(inherited)",
				);
				INFOPLIST_FILE = NewsFeedTests/Info.plist;
				LD_RUNPATH_SEARCH_PATHS = "$(inherited) @executable_path/Frameworks @loader_path/Frameworks";
				PRODUCT_NAME = "$(TARGET_NAME)";
				TEST_HOST = "$(BUILT_PRODUCTS_DIR)/NewsFeed.app/NewsFeed";
			};
			name = Debug;
		};
		B7E6042D1C5CEF44006DA33E /* Release */ = {
			isa = XCBuildConfiguration;
			buildSettings = {
				BUNDLE_LOADER = "$(TEST_HOST)";
				FRAMEWORK_SEARCH_PATHS = (
					"$(SDKROOT)/Developer/Library/Frameworks",
					"$(inherited)",
				);
				INFOPLIST_FILE = NewsFeedTests/Info.plist;
				LD_RUNPATH_SEARCH_PATHS = "$(inherited) @executable_path/Frameworks @loader_path/Frameworks";
				PRODUCT_NAME = "$(TARGET_NAME)";
				TEST_HOST = "$(BUILT_PRODUCTS_DIR)/NewsFeed.app/NewsFeed";
			};
			name = Release;
		};
/* End XCBuildConfiguration section */

/* Begin XCConfigurationList section */
		B7E604041C5CEF44006DA33E /* Build configuration list for PBXProject "NewsFeed" */ = {
			isa = XCConfigurationList;
			buildConfigurations = (
				B7E604261C5CEF44006DA33E /* Debug */,
				B7E604271C5CEF44006DA33E /* Release */,
			);
			defaultConfigurationIsVisible = 0;
			defaultConfigurationName = Release;
		};
		B7E604281C5CEF44006DA33E /* Build configuration list for PBXNativeTarget "NewsFeed" */ = {
			isa = XCConfigurationList;
			buildConfigurations = (
				B7E604291C5CEF44006DA33E /* Debug */,
				B7E6042A1C5CEF44006DA33E /* Release */,
			);
			defaultConfigurationIsVisible = 0;
			defaultConfigurationName = Release;
		};
		B7E6042B1C5CEF44006DA33E /* Build configuration list for PBXNativeTarget "NewsFeedTests" */ = {
			isa = XCConfigurationList;
			buildConfigurations = (
				B7E6042C1C5CEF44006DA33E /* Debug */,
				B7E6042D1C5CEF44006DA33E /* Release */,
			);
			defaultConfigurationIsVisible = 0;
			defaultConfigurationName = Release;
		};
/* End XCConfigurationList section */
	};
	rootObject = B7E604011C5CEF44006DA33E /* Project object */;
}
